
Microsoft Visual Studio Solution File, Format Version 12.00
# Visual Studio Version 17
VisualStudioVersion = 17.2.32526.322
MinimumVisualStudioVersion = 10.0.40219.1
Project("{9A19103F-16F7-4668-BE54-9A1E7A4F7556}") = "ServiceCollectionGenerators", "ServiceCollectionGenerators\ServiceCollectionGenerators.csproj", "{F2F8E568-2242-43CF-94E6-72A0D9E5D567}"
EndProject
Project("{2150E333-8FDC-42A3-9474-1A3956D46DE8}") = "Tests", "Tests", "{783F3182-B29E-4A4B-A47F-5028550E34CE}"
EndProject
Project("{FAE04EC0-301F-11D3-BF4B-00C04F79EFBC}") = "ServiceCollectionGenerators.UnitTests", "ServiceCollectionGenerators.UnitTests\ServiceCollectionGenerators.UnitTests.csproj", "{7B92FE12-AD48-462E-B230-72C927C2D593}"
EndProject
Global
	GlobalSection(SolutionConfigurationPlatforms) = preSolution
		Debug|Any CPU = Debug|Any CPU
		Release|Any CPU = Release|Any CPU
	EndGlobalSection
	GlobalSection(ProjectConfigurationPlatforms) = postSolution
		{F2F8E568-2242-43CF-94E6-72A0D9E5D567}.Debug|Any CPU.ActiveCfg = Debug|Any CPU
		{F2F8E568-2242-43CF-94E6-72A0D9E5D567}.Debug|Any CPU.Build.0 = Debug|Any CPU
		{F2F8E568-2242-43CF-94E6-72A0D9E5D567}.Release|Any CPU.ActiveCfg = Release|Any CPU
		{F2F8E568-2242-43CF-94E6-72A0D9E5D567}.Release|Any CPU.Build.0 = Release|Any CPU
		{7B92FE12-AD48-462E-B230-72C927C2D593}.Debug|Any CPU.ActiveCfg = Debug|Any CPU
		{7B92FE12-AD48-462E-B230-72C927C2D593}.Debug|Any CPU.Build.0 = Debug|Any CPU
		{7B92FE12-AD48-462E-B230-72C927C2D593}.Release|Any CPU.ActiveCfg = Release|Any CPU
		{7B92FE12-AD48-462E-B230-72C927C2D593}.Release|Any CPU.Build.0 = Release|Any CPU
	EndGlobalSection
	GlobalSection(SolutionProperties) = preSolution
		HideSolutionNode = FALSE
	EndGlobalSection
	GlobalSection(NestedProjects) = preSolution
		{7B92FE12-AD48-462E-B230-72C927C2D593} = {783F3182-B29E-4A4B-A47F-5028550E34CE}
	EndGlobalSection
	GlobalSection(ExtensibilityGlobals) = postSolution
		SolutionGuid = {01565410-84BE-4B25-B732-98BF626931CF}
	EndGlobalSection
EndGlobal
